
Microsoft Visual Studio Solution File, Format Version 12.00
# Visual Studio 15
VisualStudioVersion = 15.0.28307.421
MinimumVisualStudioVersion = 10.0.40219.1
Project("{FAE04EC0-301F-11D3-BF4B-00C04F79EFBC}") = "Caesar_Cipher_1", "Caesar_Cipher_1.csproj", "{59BEDBB7-AA06-429A-A42E-B7A6540F8429}"
EndProject
Project("{FAE04EC0-301F-11D3-BF4B-00C04F79EFBC}") = "Caesar_CipherTest", "EncryptionTest\Caesar_CipherTest.csproj", "{1D7A9D03-FED5-4969-BFC8-C8D0F7AA71E0}"
EndProject
Global
	GlobalSection(SolutionConfigurationPlatforms) = preSolution
		Debug|Any CPU = Debug|Any CPU
		Release|Any CPU = Release|Any CPU
	EndGlobalSection
	GlobalSection(ProjectConfigurationPlatforms) = postSolution
		{59BEDBB7-AA06-429A-A42E-B7A6540F8429}.Debug|Any CPU.ActiveCfg = Debug|Any CPU
		{59BEDBB7-AA06-429A-A42E-B7A6540F8429}.Debug|Any CPU.Build.0 = Debug|Any CPU
		{59BEDBB7-AA06-429A-A42E-B7A6540F8429}.Release|Any CPU.ActiveCfg = Release|Any CPU
		{59BEDBB7-AA06-429A-A42E-B7A6540F8429}.Release|Any CPU.Build.0 = Release|Any CPU
		{1D7A9D03-FED5-4969-BFC8-C8D0F7AA71E0}.Debug|Any CPU.ActiveCfg = Debug|Any CPU
		{1D7A9D03-FED5-4969-BFC8-C8D0F7AA71E0}.Debug|Any CPU.Build.0 = Debug|Any CPU
		{1D7A9D03-FED5-4969-BFC8-C8D0F7AA71E0}.Release|Any CPU.ActiveCfg = Release|Any CPU
		{1D7A9D03-FED5-4969-BFC8-C8D0F7AA71E0}.Release|Any CPU.Build.0 = Release|Any CPU
	EndGlobalSection
	GlobalSection(SolutionProperties) = preSolution
		HideSolutionNode = FALSE
	EndGlobalSection
	GlobalSection(ExtensibilityGlobals) = postSolution
		SolutionGuid = {B7227F98-2EE9-4026-A6F6-A91C7EE48AF6}
	EndGlobalSection
EndGlobal
